{
    "_readme": [
        "This file locks the dependencies of your project to a known state",
        "Read more about it at https://getcomposer.org/doc/01-basic-usage.md#installing-dependencies",
        "This file is @generated automatically"
    ],
    "content-hash": "02e2abd3bc79d9af5aabbd8ce6087c9d",
    "packages": [
        {
            "name": "apache/log4php",
            "version": "2.3.0",
            "source": {
                "type": "git",
                "url": "https://github.com/apache/logging-log4php.git",
                "reference": "cac428b6f67d2035af39784da1d1a299ef42fcf2"
            },
            "dist": {
                "type": "zip",
                "url": "https://api.github.com/repos/apache/logging-log4php/zipball/cac428b6f67d2035af39784da1d1a299ef42fcf2",
                "reference": "cac428b6f67d2035af39784da1d1a299ef42fcf2",
                "shasum": ""
            },
            "require": {
                "php": ">=5.2.7"
            },
            "type": "library",
            "autoload": {
                "classmap": [
                    "src/main/php/"
                ]
            },
            "notification-url": "https://packagist.org/downloads/",
            "license": [
                "Apache-2.0"
            ],
            "description": "A versatile logging framework for PHP",
            "homepage": "http://logging.apache.org/log4php/",
            "keywords": [
                "log",
                "logging",
                "php"
            ],
            "time": "2012-10-26T09:13:25+00:00"
        },
        {
            "name": "kostya/configuration",
            "version": "dev-master",
            "source": {
                "type": "git",
                "url": "https://github.com/kostya951/mylib.git",
                "reference": "429e7cad471ce02ec9fbb227a1f4f5ea302d61cb"
            },
            "dist": {
                "type": "zip",
                "url": "https://api.github.com/repos/kostya951/mylib/zipball/429e7cad471ce02ec9fbb227a1f4f5ea302d61cb",
                "reference": "429e7cad471ce02ec9fbb227a1f4f5ea302d61cb",
                "shasum": ""
            },
            "type": "library",
            "autoload": {
                "psr-4": {
                    "kostya\\configuration\\": "src\\configuration"
                }
            },
            "notification-url": "https://packagist.org/downloads/",
            "authors": [
                {
                    "name": "kostya951",
                    "email": "mrkostya951@mail.ru"
                }
            ],
            "description": "Common classes to configure my programs",
            "time": "2020-10-19T18:06:04+00:00"
        }
    ],
    "packages-dev": [],
    "aliases": [],
    "minimum-stability": "stable",
    "stability-flags": {
        "kostya/configuration": 20
    },
    "prefer-stable": false,
    "prefer-lowest": false,
    "platform": [],
    "platform-dev": [],
    "plugin-api-version": "1.1.0"
}
